
Microsoft Visual Studio Solution File, Format Version 12.00
# Visual Studio Version 17
VisualStudioVersion = 17.5.33424.131
MinimumVisualStudioVersion = 10.0.40219.1
Project("{FAE04EC0-301F-11D3-BF4B-00C04F79EFBC}") = "FoxBnB", "FoxBnB\FoxBnB.csproj", "{79B08373-1297-4C86-A9D0-73CBC6560775}"
EndProject
Global
	GlobalSection(SolutionConfigurationPlatforms) = preSolution
		Debug|Any CPU = Debug|Any CPU
		Release|Any CPU = Release|Any CPU
	EndGlobalSection
	GlobalSection(ProjectConfigurationPlatforms) = postSolution
		{79B08373-1297-4C86-A9D0-73CBC6560775}.Debug|Any CPU.ActiveCfg = Debug|Any CPU
		{79B08373-1297-4C86-A9D0-73CBC6560775}.Debug|Any CPU.Build.0 = Debug|Any CPU
		{79B08373-1297-4C86-A9D0-73CBC6560775}.Release|Any CPU.ActiveCfg = Release|Any CPU
		{79B08373-1297-4C86-A9D0-73CBC6560775}.Release|Any CPU.Build.0 = Release|Any CPU
	EndGlobalSection
	GlobalSection(SolutionProperties) = preSolution
		HideSolutionNode = FALSE
	EndGlobalSection
	GlobalSection(ExtensibilityGlobals) = postSolution
		SolutionGuid = {AFED2EDE-0479-459F-9FD9-E859BC8E9AAE}
	EndGlobalSection
EndGlobal
